
Microsoft Visual Studio Solution File, Format Version 12.00
# Visual Studio Version 16
VisualStudioVersion = 16.0.30128.36
MinimumVisualStudioVersion = 10.0.40219.1
Project("{9A19103F-16F7-4668-BE54-9A1E7A4F7556}") = "LogAnalytics.Client", "LogAnalytics.Client\LogAnalytics.Client.csproj", "{40A6CA2A-6A59-4A45-8A58-155080BCCC0A}"
EndProject
Project("{9A19103F-16F7-4668-BE54-9A1E7A4F7556}") = "LogAnalytics.Client.Tests", "LogAnalytics.Client.Tests\LogAnalytics.Client.Tests.csproj", "{CF2ED0C5-080B-460C-A578-BAADE19B22E3}"
EndProject
Global
	GlobalSection(SolutionConfigurationPlatforms) = preSolution
		Debug|Any CPU = Debug|Any CPU
		Release|Any CPU = Release|Any CPU
	EndGlobalSection
	GlobalSection(ProjectConfigurationPlatforms) = postSolution
		{40A6CA2A-6A59-4A45-8A58-155080BCCC0A}.Debug|Any CPU.ActiveCfg = Debug|Any CPU
		{40A6CA2A-6A59-4A45-8A58-155080BCCC0A}.Debug|Any CPU.Build.0 = Debug|Any CPU
		{40A6CA2A-6A59-4A45-8A58-155080BCCC0A}.Release|Any CPU.ActiveCfg = Release|Any CPU
		{40A6CA2A-6A59-4A45-8A58-155080BCCC0A}.Release|Any CPU.Build.0 = Release|Any CPU
		{CF2ED0C5-080B-460C-A578-BAADE19B22E3}.Debug|Any CPU.ActiveCfg = Debug|Any CPU
		{CF2ED0C5-080B-460C-A578-BAADE19B22E3}.Debug|Any CPU.Build.0 = Debug|Any CPU
		{CF2ED0C5-080B-460C-A578-BAADE19B22E3}.Release|Any CPU.ActiveCfg = Release|Any CPU
		{CF2ED0C5-080B-460C-A578-BAADE19B22E3}.Release|Any CPU.Build.0 = Release|Any CPU
	EndGlobalSection
	GlobalSection(SolutionProperties) = preSolution
		HideSolutionNode = FALSE
	EndGlobalSection
	GlobalSection(ExtensibilityGlobals) = postSolution
		SolutionGuid = {B79B7CC5-D2B9-4586-BEE4-873317D77EDA}
	EndGlobalSection
EndGlobal
