
Microsoft Visual Studio Solution File, Format Version 12.00
# Visual Studio 15
VisualStudioVersion = 15.0.28010.2026
MinimumVisualStudioVersion = 10.0.40219.1
Project("{FAE04EC0-301F-11D3-BF4B-00C04F79EFBC}") = "LogAnalytics.DataCollector.Wrapper", "LogAnalytics.DataCollector.Wrapper\LogAnalytics.DataCollector.Wrapper.csproj", "{5B2F253C-5E58-4748-92C7-D7335304F783}"
EndProject
Project("{FAE04EC0-301F-11D3-BF4B-00C04F79EFBC}") = "LogAnalytics.DataCollector.Wrapper.Tests", "LogAnalytics.DataCollector.Wrapper.Tests\LogAnalytics.DataCollector.Wrapper.Tests.csproj", "{A66C0EC6-1102-433F-84C8-6224739C0A45}"
EndProject
Global
	GlobalSection(SolutionConfigurationPlatforms) = preSolution
		Debug|Any CPU = Debug|Any CPU
		Release|Any CPU = Release|Any CPU
	EndGlobalSection
	GlobalSection(ProjectConfigurationPlatforms) = postSolution
		{5B2F253C-5E58-4748-92C7-D7335304F783}.Debug|Any CPU.ActiveCfg = Debug|Any CPU
		{5B2F253C-5E58-4748-92C7-D7335304F783}.Debug|Any CPU.Build.0 = Debug|Any CPU
		{5B2F253C-5E58-4748-92C7-D7335304F783}.Release|Any CPU.ActiveCfg = Release|Any CPU
		{5B2F253C-5E58-4748-92C7-D7335304F783}.Release|Any CPU.Build.0 = Release|Any CPU
		{A66C0EC6-1102-433F-84C8-6224739C0A45}.Debug|Any CPU.ActiveCfg = Debug|Any CPU
		{A66C0EC6-1102-433F-84C8-6224739C0A45}.Debug|Any CPU.Build.0 = Debug|Any CPU
		{A66C0EC6-1102-433F-84C8-6224739C0A45}.Release|Any CPU.ActiveCfg = Release|Any CPU
		{A66C0EC6-1102-433F-84C8-6224739C0A45}.Release|Any CPU.Build.0 = Release|Any CPU
	EndGlobalSection
	GlobalSection(SolutionProperties) = preSolution
		HideSolutionNode = FALSE
	EndGlobalSection
	GlobalSection(ExtensibilityGlobals) = postSolution
		SolutionGuid = {B79B7CC5-D2B9-4586-BEE4-873317D77EDA}
	EndGlobalSection
EndGlobal
